
Microsoft Visual Studio Solution File, Format Version 12.00
# Visual Studio Version 17
VisualStudioVersion = 17.4.33122.133
MinimumVisualStudioVersion = 10.0.40219.1
Project("{9A19103F-16F7-4668-BE54-9A1E7A4F7556}") = "SmartInnovationTeste", "SmartInnovationTeste.csproj", "{105BF71B-33DE-4589-9020-422D38295195}"
EndProject
Project("{FAE04EC0-301F-11D3-BF4B-00C04F79EFBC}") = "Infra", "..\Infra\Infra.csproj", "{F4E2388D-1265-4DDF-AFC7-24BE53521555}"
EndProject
Global
	GlobalSection(SolutionConfigurationPlatforms) = preSolution
		Debug|Any CPU = Debug|Any CPU
		Release|Any CPU = Release|Any CPU
	EndGlobalSection
	GlobalSection(ProjectConfigurationPlatforms) = postSolution
		{105BF71B-33DE-4589-9020-422D38295195}.Debug|Any CPU.ActiveCfg = Debug|Any CPU
		{105BF71B-33DE-4589-9020-422D38295195}.Debug|Any CPU.Build.0 = Debug|Any CPU
		{105BF71B-33DE-4589-9020-422D38295195}.Release|Any CPU.ActiveCfg = Release|Any CPU
		{105BF71B-33DE-4589-9020-422D38295195}.Release|Any CPU.Build.0 = Release|Any CPU
		{F4E2388D-1265-4DDF-AFC7-24BE53521555}.Debug|Any CPU.ActiveCfg = Debug|Any CPU
		{F4E2388D-1265-4DDF-AFC7-24BE53521555}.Debug|Any CPU.Build.0 = Debug|Any CPU
		{F4E2388D-1265-4DDF-AFC7-24BE53521555}.Release|Any CPU.ActiveCfg = Release|Any CPU
		{F4E2388D-1265-4DDF-AFC7-24BE53521555}.Release|Any CPU.Build.0 = Release|Any CPU
	EndGlobalSection
	GlobalSection(SolutionProperties) = preSolution
		HideSolutionNode = FALSE
	EndGlobalSection
	GlobalSection(ExtensibilityGlobals) = postSolution
		SolutionGuid = {AB69AFD3-CD88-4C48-8FA2-A65995CE3739}
	EndGlobalSection
EndGlobal
